// !$*UTF8*$!
{
	archiveVersion = 1;
	classes = {
	};
	objectVersion = 46;
	objects = {

/* Begin PBXBuildFile section */
		9D348AA71BA60B91000A998C /* cat.jpg in Resources */ = {isa = PBXBuildFile; fileRef = 9D348AA61BA60B91000A998C /* cat.jpg */; };
		9DC999C91BA600960022C668 /* AppDelegate.swift in Sources */ = {isa = PBXBuildFile; fileRef = 9DC999C81BA600960022C668 /* AppDelegate.swift */; };
		9DC999CB1BA600960022C668 /* ViewController.swift in Sources */ = {isa = PBXBuildFile; fileRef = 9DC999CA1BA600960022C668 /* ViewController.swift */; };
		9DC999CE1BA600960022C668 /* Main.storyboard in Resources */ = {isa = PBXBuildFile; fileRef = 9DC999CC1BA600960022C668 /* Main.storyboard */; };
		9DC999D01BA600960022C668 /* Images.xcassets in Resources */ = {isa = PBXBuildFile; fileRef = 9DC999CF1BA600960022C668 /* Images.xcassets */; };
		9DC999D31BA600960022C668 /* LaunchScreen.xib in Resources */ = {isa = PBXBuildFile; fileRef = 9DC999D11BA600960022C668 /* LaunchScreen.xib */; };
		9DC999DF1BA600960022C668 /* Cat_YearsTests.swift in Sources */ = {isa = PBXBuildFile; fileRef = 9DC999DE1BA600960022C668 /* Cat_YearsTests.swift */; };
/* End PBXBuildFile section */

/* Begin PBXContainerItemProxy section */
		9DC999D91BA600960022C668 /* PBXContainerItemProxy */ = {
			isa = PBXContainerItemProxy;
			containerPortal = 9DC999BB1BA600960022C668 /* Project object */;
			proxyType = 1;
			remoteGlobalIDString = 9DC999C21BA600960022C668;
			remoteInfo = "Cat Years";
		};
/* End PBXContainerItemProxy section */

/* Begin PBXFileReference section */
		9D348AA61BA60B91000A998C /* cat.jpg */ = {isa = PBXFileReference; lastKnownFileType = image.jpeg; path = cat.jpg; sourceTree = "<group>"; };
		9DC999C31BA600960022C668 /* Cat Years.app */ = {isa = PBXFileReference; explicitFileType = wrapper.application; includeInIndex = 0; path = "Cat Years.app"; sourceTree = BUILT_PRODUCTS_DIR; };
		9DC999C71BA600960022C668 /* Info.plist */ = {isa = PBXFileReference; lastKnownFileType = text.plist.xml; path = Info.plist; sourceTree = "<group>"; };
		9DC999C81BA600960022C668 /* AppDelegate.swift */ = {isa = PBXFileReference; lastKnownFileType = sourcecode.swift; path = AppDelegate.swift; sourceTree = "<group>"; };
		9DC999CA1BA600960022C668 /* ViewController.swift */ = {isa = PBXFileReference; lastKnownFileType = sourcecode.swift; path = ViewController.swift; sourceTree = "<group>"; };
		9DC999CD1BA600960022C668 /* Base */ = {isa = PBXFileReference; lastKnownFileType = file.storyboard; name = Base; path = Base.lproj/Main.storyboard; sourceTree = "<group>"; };
		9DC999CF1BA600960022C668 /* Images.xcassets */ = {isa = PBXFileReference; lastKnownFileType = folder.assetcatalog; path = Images.xcassets; sourceTree = "<group>"; };
		9DC999D21BA600960022C668 /* Base */ = {isa = PBXFileReference; lastKnownFileType = file.xib; name = Base; path = Base.lproj/LaunchScreen.xib; sourceTree = "<group>"; };
		9DC999D81BA600960022C668 /* Cat YearsTests.xctest */ = {isa = PBXFileReference; explicitFileType = wrapper.cfbundle; includeInIndex = 0; path = "Cat YearsTests.xctest"; sourceTree = BUILT_PRODUCTS_DIR; };
		9DC999DD1BA600960022C668 /* Info.plist */ = {isa = PBXFileReference; lastKnownFileType = text.plist.xml; path = Info.plist; sourceTree = "<group>"; };
		9DC999DE1BA600960022C668 /* Cat_YearsTests.swift */ = {isa = PBXFileReference; lastKnownFileType = sourcecode.swift; path = Cat_YearsTests.swift; sourceTree = "<group>"; };
/* End PBXFileReference section */

/* Begin PBXFrameworksBuildPhase section */
		9DC999C01BA600960022C668 /* Frameworks */ = {
			isa = PBXFrameworksBuildPhase;
			buildActionMask = 2147483647;
			files = (
			);
			runOnlyForDeploymentPostprocessing = 0;
		};
		9DC999D51BA600960022C668 /* Frameworks */ = {
			isa = PBXFrameworksBuildPhase;
			buildActionMask = 2147483647;
			files = (
			);
			runOnlyForDeploymentPostprocessing = 0;
		};
/* End PBXFrameworksBuildPhase section */

/* Begin PBXGroup section */
		9DC999BA1BA600960022C668 = {
			isa = PBXGroup;
			children = (
				9DC999C51BA600960022C668 /* Cat Years */,
				9DC999DB1BA600960022C668 /* Cat YearsTests */,
				9DC999C41BA600960022C668 /* Products */,
			);
			sourceTree = "<group>";
		};
		9DC999C41BA600960022C668 /* Products */ = {
			isa = PBXGroup;
			children = (
				9DC999C31BA600960022C668 /* Cat Years.app */,
				9DC999D81BA600960022C668 /* Cat YearsTests.xctest */,
			);
			name = Products;
			sourceTree = "<group>";
		};
		9DC999C51BA600960022C668 /* Cat Years */ = {
			isa = PBXGroup;
			children = (
				9DC999C81BA600960022C668 /* AppDelegate.swift */,
				9DC999CA1BA600960022C668 /* ViewController.swift */,
				9DC999CC1BA600960022C668 /* Main.storyboard */,
				9DC999CF1BA600960022C668 /* Images.xcassets */,
				9D348AA61BA60B91000A998C /* cat.jpg */,
				9DC999D11BA600960022C668 /* LaunchScreen.xib */,
				9DC999C61BA600960022C668 /* Supporting Files */,
			);
			path = "Cat Years";
			sourceTree = "<group>";
		};
		9DC999C61BA600960022C668 /* Supporting Files */ = {
			isa = PBXGroup;
			children = (
				9DC999C71BA600960022C668 /* Info.plist */,
			);
			name = "Supporting Files";
			sourceTree = "<group>";
		};
		9DC999DB1BA600960022C668 /* Cat YearsTests */ = {
			isa = PBXGroup;
			children = (
				9DC999DE1BA600960022C668 /* Cat_YearsTests.swift */,
				9DC999DC1BA600960022C668 /* Supporting Files */,
			);
			path = "Cat YearsTests";
			sourceTree = "<group>";
		};
		9DC999DC1BA600960022C668 /* Supporting Files */ = {
			isa = PBXGroup;
			children = (
				9DC999DD1BA600960022C668 /* Info.plist */,
			);
			name = "Supporting Files";
			sourceTree = "<group>";
		};
/* End PBXGroup section */

/* Begin PBXNativeTarget section */
		9DC999C21BA600960022C668 /* Cat Years */ = {
			isa = PBXNativeTarget;
			buildConfigurationList = 9DC999E21BA600960022C668 /* Build configuration list for PBXNativeTarget "Cat Years" */;
			buildPhases = (
				9DC999BF1BA600960022C668 /* Sources */,
				9DC999C01BA600960022C668 /* Frameworks */,
				9DC999C11BA600960022C668 /* Resources */,
			);
			buildRules = (
			);
			dependencies = (
			);
			name = "Cat Years";
			productName = "Cat Years";
			productReference = 9DC999C31BA600960022C668 /* Cat Years.app */;
			productType = "com.apple.product-type.application";
		};
		9DC999D71BA600960022C668 /* Cat YearsTests */ = {
			isa = PBXNativeTarget;
			buildConfigurationList = 9DC999E51BA600960022C668 /* Build configuration list for PBXNativeTarget "Cat YearsTests" */;
			buildPhases = (
				9DC999D41BA600960022C668 /* Sources */,
				9DC999D51BA600960022C668 /* Frameworks */,
				9DC999D61BA600960022C668 /* Resources */,
			);
			buildRules = (
			);
			dependencies = (
				9DC999DA1BA600960022C668 /* PBXTargetDependency */,
			);
			name = "Cat YearsTests";
			productName = "Cat YearsTests";
			productReference = 9DC999D81BA600960022C668 /* Cat YearsTests.xctest */;
			productType = "com.apple.product-type.bundle.unit-test";
		};
/* End PBXNativeTarget section */

/* Begin PBXProject section */
		9DC999BB1BA600960022C668 /* Project object */ = {
			isa = PBXProject;
			attributes = {
				LastUpgradeCheck = 0610;
				ORGANIZATIONNAME = Getapp;
				TargetAttributes = {
					9DC999C21BA600960022C668 = {
						CreatedOnToolsVersion = 6.1.1;
					};
					9DC999D71BA600960022C668 = {
						CreatedOnToolsVersion = 6.1.1;
						TestTargetID = 9DC999C21BA600960022C668;
					};
				};
			};
			buildConfigurationList = 9DC999BE1BA600960022C668 /* Build configuration list for PBXProject "Cat Years" */;
			compatibilityVersion = "Xcode 3.2";
			developmentRegion = English;
			hasScannedForEncodings = 0;
			knownRegions = (
				en,
				Base,
			);
			mainGroup = 9DC999BA1BA600960022C668;
			productRefGroup = 9DC999C41BA600960022C668 /* Products */;
			projectDirPath = "";
			projectRoot = "";
			targets = (
				9DC999C21BA600960022C668 /* Cat Years */,
				9DC999D71BA600960022C668 /* Cat YearsTests */,
			);
		};
/* End PBXProject section */

/* Begin PBXResourcesBuildPhase section */
		9DC999C11BA600960022C668 /* Resources */ = {
			isa = PBXResourcesBuildPhase;
			buildActionMask = 2147483647;
			files = (
				9DC999CE1BA600960022C668 /* Main.storyboard in Resources */,
				9DC999D31BA600960022C668 /* LaunchScreen.xib in Resources */,
				9D348AA71BA60B91000A998C /* cat.jpg in Resources */,
				9DC999D01BA600960022C668 /* Images.xcassets in Resources */,
			);
			runOnlyForDeploymentPostprocessing = 0;
		};
		9DC999D61BA600960022C668 /* Resources */ = {
			isa = PBXResourcesBuildPhase;
			buildActionMask = 2147483647;
			files = (
			);
			runOnlyForDeploymentPostprocessing = 0;
		};
/* End PBXResourcesBuildPhase section */

/* Begin PBXSourcesBuildPhase section */
		9DC999BF1BA600960022C668 /* Sources */ = {
			isa = PBXSourcesBuildPhase;
			buildActionMask = 2147483647;
			files = (
				9DC999CB1BA600960022C668 /* ViewController.swift in Sources */,
				9DC999C91BA600960022C668 /* AppDelegate.swift in Sources */,
			);
			runOnlyForDeploymentPostprocessing = 0;
		};
		9DC999D41BA600960022C668 /* Sources */ = {
			isa = PBXSourcesBuildPhase;
			buildActionMask = 2147483647;
			files = (
				9DC999DF1BA600960022C668 /* Cat_YearsTests.swift in Sources */,
			);
			runOnlyForDeploymentPostprocessing = 0;
		};
/* End PBXSourcesBuildPhase section */

/* Begin PBXTargetDependency section */
		9DC999DA1BA600960022C668 /* PBXTargetDependency */ = {
			isa = PBXTargetDependency;
			target = 9DC999C21BA600960022C668 /* Cat Years */;
			targetProxy = 9DC999D91BA600960022C668 /* PBXContainerItemProxy */;
		};
/* End PBXTargetDependency section */

/* Begin PBXVariantGroup section */
		9DC999CC1BA600960022C668 /* Main.storyboard */ = {
			isa = PBXVariantGroup;
			children = (
				9DC999CD1BA600960022C668 /* Base */,
			);
			name = Main.storyboard;
			sourceTree = "<group>";
		};
		9DC999D11BA600960022C668 /* LaunchScreen.xib */ = {
			isa = PBXVariantGroup;
			children = (
				9DC999D21BA600960022C668 /* Base */,
			);
			name = LaunchScreen.xib;
			sourceTree = "<group>";
		};
/* End PBXVariantGroup section */

/* Begin XCBuildConfiguration section */
		9DC999E01BA600960022C668 /* Debug */ = {
			isa = XCBuildConfiguration;
			buildSettings = {
				ALWAYS_SEARCH_USER_PATHS = NO;
				CLANG_CXX_LANGUAGE_STANDARD = "gnu++0x";
				CLANG_CXX_LIBRARY = "libc++";
				CLANG_ENABLE_MODULES = YES;
				CLANG_ENABLE_OBJC_ARC = YES;
				CLANG_WARN_BOOL_CONVERSION = YES;
				CLANG_WARN_CONSTANT_CONVERSION = YES;
				CLANG_WARN_DIRECT_OBJC_ISA_USAGE = YES_ERROR;
				CLANG_WARN_EMPTY_BODY = YES;
				CLANG_WARN_ENUM_CONVERSION = YES;
				CLANG_WARN_INT_CONVERSION = YES;
				CLANG_WARN_OBJC_ROOT_CLASS = YES_ERROR;
				CLANG_WARN_UNREACHABLE_CODE = YES;
				CLANG_WARN__DUPLICATE_METHOD_MATCH = YES;
				"CODE_SIGN_IDENTITY[sdk=iphoneos*]" = "iPhone Developer";
				COPY_PHASE_STRIP = NO;
				ENABLE_STRICT_OBJC_MSGSEND = YES;
				GCC_C_LANGUAGE_STANDARD = gnu99;
				GCC_DYNAMIC_NO_PIC = NO;
				GCC_OPTIMIZATION_LEVEL = 0;
				GCC_PREPROCESSOR_DEFINITIONS = (
					"DEBUG=1",
					"$(inherited)",
				);
				GCC_SYMBOLS_PRIVATE_EXTERN = NO;
				GCC_WARN_64_TO_32_BIT_CONVERSION = YES;
				GCC_WARN_ABOUT_RETURN_TYPE = YES_ERROR;
				GCC_WARN_UNDECLARED_SELECTOR = YES;
				GCC_WARN_UNINITIALIZED_AUTOS = YES_AGGRESSIVE;
				GCC_WARN_UNUSED_FUNCTION = YES;
				GCC_WARN_UNUSED_VARIABLE = YES;
				IPHONEOS_DEPLOYMENT_TARGET = 8.1;
				MTL_ENABLE_DEBUG_INFO = YES;
				ONLY_ACTIVE_ARCH = YES;
				SDKROOT = iphoneos;
				SWIFT_OPTIMIZATION_LEVEL = "-Onone";
			};
			name = Debug;
		};
		9DC999E11BA600960022C668 /* Release */ = {
			isa = XCBuildConfiguration;
			buildSettings = {
				ALWAYS_SEARCH_USER_PATHS = NO;
				CLANG_CXX_LANGUAGE_STANDARD = "gnu++0x";
				CLANG_CXX_LIBRARY = "libc++";
				CLANG_ENABLE_MODULES = YES;
				CLANG_ENABLE_OBJC_ARC = YES;
				CLANG_WARN_BOOL_CONVERSION = YES;
				CLANG_WARN_CONSTANT_CONVERSION = YES;
				CLANG_WARN_DIRECT_OBJC_ISA_USAGE = YES_ERROR;
				CLANG_WARN_EMPTY_BODY = YES;
				CLANG_WARN_ENUM_CONVERSION = YES;
				CLANG_WARN_INT_CONVERSION = YES;
				CLANG_WARN_OBJC_ROOT_CLASS = YES_ERROR;
				CLANG_WARN_UNREACHABLE_CODE = YES;
				CLANG_WARN__DUPLICATE_METHOD_MATCH = YES;
				"CODE_SIGN_IDENTITY[sdk=iphoneos*]" = "iPhone Developer";
				COPY_PHASE_STRIP = YES;
				ENABLE_NS_ASSERTIONS = NO;
				ENABLE_STRICT_OBJC_MSGSEND = YES;
				GCC_C_LANGUAGE_STANDARD = gnu99;
				GCC_WARN_64_TO_32_BIT_CONVERSION = YES;
				GCC_WARN_ABOUT_RETURN_TYPE = YES_ERROR;
				GCC_WARN_UNDECLARED_SELECTOR = YES;
				GCC_WARN_UNINITIALIZED_AUTOS = YES_AGGRESSIVE;
				GCC_WARN_UNUSED_FUNCTION = YES;
				GCC_WARN_UNUSED_VARIABLE = YES;
				IPHONEOS_DEPLOYMENT_TARGET = 8.1;
				MTL_ENABLE_DEBUG_INFO = NO;
				SDKROOT = iphoneos;
				VALIDATE_PRODUCT = YES;
			};
			name = Release;
		};
		9DC999E31BA600960022C668 /* Debug */ = {
			isa = XCBuildConfiguration;
			buildSettings = {
				ASSETCATALOG_COMPILER_APPICON_NAME = AppIcon;
				INFOPLIST_FILE = "Cat Years/Info.plist";
				LD_RUNPATH_SEARCH_PATHS = "$(inherited) @executable_path/Frameworks";
				PRODUCT_NAME = "$(TARGET_NAME)";
			};
			name = Debug;
		};
		9DC999E41BA600960022C668 /* Release */ = {
			isa = XCBuildConfiguration;
			buildSettings = {
				ASSETCATALOG_COMPILER_APPICON_NAME = AppIcon;
				INFOPLIST_FILE = "Cat Years/Info.plist";
				LD_RUNPATH_SEARCH_PATHS = "$(inherited) @executable_path/Frameworks";
				PRODUCT_NAME = "$(TARGET_NAME)";
			};
			name = Release;
		};
		9DC999E61BA600960022C668 /* Debug */ = {
			isa = XCBuildConfiguration;
			buildSettings = {
				BUNDLE_LOADER = "$(TEST_HOST)";
				FRAMEWORK_SEARCH_PATHS = (
					"$(SDKROOT)/Developer/Library/Frameworks",
					"$(inherited)",
				);
				GCC_PREPROCESSOR_DEFINITIONS = (
					"DEBUG=1",
					"$(inherited)",
				);
				INFOPLIST_FILE = "Cat YearsTests/Info.plist";
				LD_RUNPATH_SEARCH_PATHS = "$(inherited) @executable_path/Frameworks @loader_path/Frameworks";
				PRODUCT_NAME = "$(TARGET_NAME)";
				TEST_HOST = "$(BUILT_PRODUCTS_DIR)/Cat Years.app/Cat Years";
			};
			name = Debug;
		};
		9DC999E71BA600960022C668 /* Release */ = {
			isa = XCBuildConfiguration;
			buildSettings = {
				BUNDLE_LOADER = "$(TEST_HOST)";
				FRAMEWORK_SEARCH_PATHS = (
					"$(SDKROOT)/Developer/Library/Frameworks",
					"$(inherited)",
				);
				INFOPLIST_FILE = "Cat YearsTests/Info.plist";
				LD_RUNPATH_SEARCH_PATHS = "$(inherited) @executable_path/Frameworks @loader_path/Frameworks";
				PRODUCT_NAME = "$(TARGET_NAME)";
				TEST_HOST = "$(BUILT_PRODUCTS_DIR)/Cat Years.app/Cat Years";
			};
			name = Release;
		};
/* End XCBuildConfiguration section */

/* Begin XCConfigurationList section */
		9DC999BE1BA600960022C668 /* Build configuration list for PBXProject "Cat Years" */ = {
			isa = XCConfigurationList;
			buildConfigurations = (
				9DC999E01BA600960022C668 /* Debug */,
				9DC999E11BA600960022C668 /* Release */,
			);
			defaultConfigurationIsVisible = 0;
			defaultConfigurationName = Release;
		};
		9DC999E21BA600960022C668 /* Build configuration list for PBXNativeTarget "Cat Years" */ = {
			isa = XCConfigurationList;
			buildConfigurations = (
				9DC999E31BA600960022C668 /* Debug */,
				9DC999E41BA600960022C668 /* Release */,
			);
			defaultConfigurationIsVisible = 0;
			defaultConfigurationName = Release;
		};
		9DC999E51BA600960022C668 /* Build configuration list for PBXNativeTarget "Cat YearsTests" */ = {
			isa = XCConfigurationList;
			buildConfigurations = (
				9DC999E61BA600960022C668 /* Debug */,
				9DC999E71BA600960022C668 /* Release */,
			);
			defaultConfigurationIsVisible = 0;
			defaultConfigurationName = Release;
		};
/* End XCConfigurationList section */
	};
	rootObject = 9DC999BB1BA600960022C668 /* Project object */;
}
